{
    "_readme": [
        "This file locks the dependencies of your project to a known state",
        "Read more about it at https://getcomposer.org/doc/01-basic-usage.md#installing-dependencies",
        "This file is @generated automatically"
    ],
    "content-hash": "a2e61b58adbed53a394fba7f3bd75aa6",
    "packages": [],
    "packages-dev": [
        {
            "name": "jetbrains/phpstorm-stubs",
            "version": "dev-master",
            "source": {
                "type": "git",
                "url": "https://github.com/JetBrains/phpstorm-stubs",
                "reference": "089eb05b06ff1947677b765f9f14ad1d6b6b8af5"
            },
            "dist": {
                "type": "zip",
                "url": "https://api.github.com/repos/JetBrains/phpstorm-stubs/zipball/089eb05b06ff1947677b765f9f14ad1d6b6b8af5",
                "reference": "089eb05b06ff1947677b765f9f14ad1d6b6b8af5",
                "shasum": ""
            },
            "require-dev": {
                "friendsofphp/php-cs-fixer": "^v3.86",
                "nikic/php-parser": "^v5.6",
                "phpdocumentor/reflection-docblock": "^5.6",
                "phpunit/phpunit": "^12.3"
            },
            "default-branch": true,
            "type": "library",
            "autoload": {
                "files": [
                    "PhpStormStubsMap.php"
                ]
            },
            "notification-url": "https://packagist.org/downloads/",
            "license": [
                "Apache-2.0"
            ],
            "description": "PHP runtime & extensions header files for PhpStorm",
            "homepage": "https://www.jetbrains.com/phpstorm",
            "keywords": [
                "autocomplete",
                "code",
                "inference",
                "inspection",
                "jetbrains",
                "phpstorm",
                "stubs",
                "type"
            ],
            "time": "2026-02-24T11:28:45+00:00"
        }
    ],
    "aliases": [],
    "minimum-stability": "dev",
    "stability-flags": {},
    "prefer-stable": false,
    "prefer-lowest": false,
    "platform": {},
    "platform-dev": {},
    "plugin-api-version": "2.9.0"
}
